// !$*UTF8*$!
{
	archiveVersion = 1;
	classes = {
	};
	objectVersion = 56;
	objects = {

/* Begin PBXBuildFile section */
		04A7B0314917DD81D945E718 /* Pods_JAngelExamenUpax.framework in Frameworks */ = {isa = PBXBuildFile; fileRef = C547C0E8ED749A83A5FA938E /* Pods_JAngelExamenUpax.framework */; };
		06A3A46FA5CDB2A658C21EAC /* Pods_JAngelExamenUpax_JAngelExamenUpaxUITests.framework in Frameworks */ = {isa = PBXBuildFile; fileRef = 7B6CDFC3711E130B3CCD1255 /* Pods_JAngelExamenUpax_JAngelExamenUpaxUITests.framework */; };
		5B6B93711B02231ADE55FD5C /* Pods_JAngelExamenUpaxTests.framework in Frameworks */ = {isa = PBXBuildFile; fileRef = F93ED5E4836A72F2DCEACF80 /* Pods_JAngelExamenUpaxTests.framework */; };
		FB0699CB2995530900A85C6C /* AppDelegate.swift in Sources */ = {isa = PBXBuildFile; fileRef = FB0699CA2995530900A85C6C /* AppDelegate.swift */; };
		FB0699CD2995530900A85C6C /* SceneDelegate.swift in Sources */ = {isa = PBXBuildFile; fileRef = FB0699CC2995530900A85C6C /* SceneDelegate.swift */; };
		FB0699D22995530900A85C6C /* Main.storyboard in Resources */ = {isa = PBXBuildFile; fileRef = FB0699D02995530900A85C6C /* Main.storyboard */; };
		FB0699D42995530900A85C6C /* Assets.xcassets in Resources */ = {isa = PBXBuildFile; fileRef = FB0699D32995530900A85C6C /* Assets.xcassets */; };
		FB0699D72995530900A85C6C /* LaunchScreen.storyboard in Resources */ = {isa = PBXBuildFile; fileRef = FB0699D52995530900A85C6C /* LaunchScreen.storyboard */; };
		FB0699E22995530A00A85C6C /* JAngelExamenUpaxTests.swift in Sources */ = {isa = PBXBuildFile; fileRef = FB0699E12995530A00A85C6C /* JAngelExamenUpaxTests.swift */; };
		FB0699EC2995530A00A85C6C /* JAngelExamenUpaxUITests.swift in Sources */ = {isa = PBXBuildFile; fileRef = FB0699EB2995530A00A85C6C /* JAngelExamenUpaxUITests.swift */; };
		FB0699EE2995530A00A85C6C /* JAngelExamenUpaxUITestsLaunchTests.swift in Sources */ = {isa = PBXBuildFile; fileRef = FB0699ED2995530A00A85C6C /* JAngelExamenUpaxUITestsLaunchTests.swift */; };
		FB069A05299586B200A85C6C /* data.swift in Sources */ = {isa = PBXBuildFile; fileRef = FB069A04299586B200A85C6C /* data.swift */; };
		FB069A072995878B00A85C6C /* ConsumoApiViewModel.swift in Sources */ = {isa = PBXBuildFile; fileRef = FB069A062995878B00A85C6C /* ConsumoApiViewModel.swift */; };
		FB3A19BD2996B5AB00548E11 /* TableViewController.swift in Sources */ = {isa = PBXBuildFile; fileRef = FB3A19BC2996B5AB00548E11 /* TableViewController.swift */; };
		FB3A19C02996BB4B00548E11 /* CellTableViewCell.swift in Sources */ = {isa = PBXBuildFile; fileRef = FB3A19BE2996BB4B00548E11 /* CellTableViewCell.swift */; };
		FB65172D299C163100F777B7 /* ColorsViewModel.swift in Sources */ = {isa = PBXBuildFile; fileRef = FB65172C299C163100F777B7 /* ColorsViewModel.swift */; };
		FBCA04762996BB6700C69A2E /* CellTableViewCell.xib in Resources */ = {isa = PBXBuildFile; fileRef = FBCA04752996BB6700C69A2E /* CellTableViewCell.xib */; };
		FBD748C0299BF81A00FC9518 /* EnviarDatosViewModel.swift in Sources */ = {isa = PBXBuildFile; fileRef = FBD748BF299BF81A00FC9518 /* EnviarDatosViewModel.swift */; };
		FBD748C2299BFC6600FC9518 /* ColorsViewController.swift in Sources */ = {isa = PBXBuildFile; fileRef = FBD748C1299BFC6600FC9518 /* ColorsViewController.swift */; };
		FBE37BB5299D5CCB00D089C2 /* GraficaTableViewController.swift in Sources */ = {isa = PBXBuildFile; fileRef = FBE37BB4299D5CCB00D089C2 /* GraficaTableViewController.swift */; };
		FBE37BB8299D5D0300D089C2 /* GraficaTableViewCell.swift in Sources */ = {isa = PBXBuildFile; fileRef = FBE37BB6299D5D0300D089C2 /* GraficaTableViewCell.swift */; };
		FBE37BB9299D5D0300D089C2 /* GraficaTableViewCell.xib in Resources */ = {isa = PBXBuildFile; fileRef = FBE37BB7299D5D0300D089C2 /* GraficaTableViewCell.xib */; };
		FBEF5A09299AA8F300325824 /* CelltextTableViewCell.swift in Sources */ = {isa = PBXBuildFile; fileRef = FBEF5A07299AA8F300325824 /* CelltextTableViewCell.swift */; };
		FBEF5A0A299AA8F300325824 /* CelltextTableViewCell.xib in Resources */ = {isa = PBXBuildFile; fileRef = FBEF5A08299AA8F300325824 /* CelltextTableViewCell.xib */; };
		FBEF5A0D299AAC6400325824 /* CellGraficaTableViewCell.swift in Sources */ = {isa = PBXBuildFile; fileRef = FBEF5A0B299AAC6400325824 /* CellGraficaTableViewCell.swift */; };
		FBEF5A0E299AAC6400325824 /* CellGraficaTableViewCell.xib in Resources */ = {isa = PBXBuildFile; fileRef = FBEF5A0C299AAC6400325824 /* CellGraficaTableViewCell.xib */; };
		FBEF5A10299AC6F000325824 /* GoogleService-Info.plist in Resources */ = {isa = PBXBuildFile; fileRef = FBEF5A0F299AC6F000325824 /* GoogleService-Info.plist */; };
		FBEF5A13299AC7C300325824 /* FirebaseAnalytics in Frameworks */ = {isa = PBXBuildFile; productRef = FBEF5A12299AC7C300325824 /* FirebaseAnalytics */; };
		FBEF5A15299AC7C300325824 /* FirebaseAuth in Frameworks */ = {isa = PBXBuildFile; productRef = FBEF5A14299AC7C300325824 /* FirebaseAuth */; };
		FBEF5A17299AC7C300325824 /* FirebaseCrashlytics in Frameworks */ = {isa = PBXBuildFile; productRef = FBEF5A16299AC7C300325824 /* FirebaseCrashlytics */; };
		FBEF5A19299AC7C300325824 /* FirebaseDatabase in Frameworks */ = {isa = PBXBuildFile; productRef = FBEF5A18299AC7C300325824 /* FirebaseDatabase */; };
		FBEF5A1B299AC7C300325824 /* FirebaseDatabaseSwift in Frameworks */ = {isa = PBXBuildFile; productRef = FBEF5A1A299AC7C300325824 /* FirebaseDatabaseSwift */; };
		FBEF5A1D299AC7C300325824 /* FirebaseFirestore in Frameworks */ = {isa = PBXBuildFile; productRef = FBEF5A1C299AC7C300325824 /* FirebaseFirestore */; };
		FBEF5A1F299AC7C300325824 /* FirebaseRemoteConfig in Frameworks */ = {isa = PBXBuildFile; productRef = FBEF5A1E299AC7C300325824 /* FirebaseRemoteConfig */; };
		FBEF5A21299AC7C300325824 /* FirebaseStorage in Frameworks */ = {isa = PBXBuildFile; productRef = FBEF5A20299AC7C300325824 /* FirebaseStorage */; };
		FBEF5A24299AC7E400325824 /* FirebaseFirestoreSwift in Frameworks */ = {isa = PBXBuildFile; productRef = FBEF5A23299AC7E400325824 /* FirebaseFirestoreSwift */; };
/* End PBXBuildFile section */

/* Begin PBXContainerItemProxy section */
		FB0699DE2995530A00A85C6C /* PBXContainerItemProxy */ = {
			isa = PBXContainerItemProxy;
			containerPortal = FB0699BF2995530900A85C6C /* Project object */;
			proxyType = 1;
			remoteGlobalIDString = FB0699C62995530900A85C6C;
			remoteInfo = JAngelExamenUpax;
		};
		FB0699E82995530A00A85C6C /* PBXContainerItemProxy */ = {
			isa = PBXContainerItemProxy;
			containerPortal = FB0699BF2995530900A85C6C /* Project object */;
			proxyType = 1;
			remoteGlobalIDString = FB0699C62995530900A85C6C;
			remoteInfo = JAngelExamenUpax;
		};
/* End PBXContainerItemProxy section */

/* Begin PBXFileReference section */
		2A6F326C9921CD04FA44DD8D /* Pods-JAngelExamenUpax-JAngelExamenUpaxUITests.release.xcconfig */ = {isa = PBXFileReference; includeInIndex = 1; lastKnownFileType = text.xcconfig; name = "Pods-JAngelExamenUpax-JAngelExamenUpaxUITests.release.xcconfig"; path = "Target Support Files/Pods-JAngelExamenUpax-JAngelExamenUpaxUITests/Pods-JAngelExamenUpax-JAngelExamenUpaxUITests.release.xcconfig"; sourceTree = "<group>"; };
		53276E20E32608DAC24CBA40 /* Pods-JAngelExamenUpaxTests.debug.xcconfig */ = {isa = PBXFileReference; includeInIndex = 1; lastKnownFileType = text.xcconfig; name = "Pods-JAngelExamenUpaxTests.debug.xcconfig"; path = "Target Support Files/Pods-JAngelExamenUpaxTests/Pods-JAngelExamenUpaxTests.debug.xcconfig"; sourceTree = "<group>"; };
		7B6CDFC3711E130B3CCD1255 /* Pods_JAngelExamenUpax_JAngelExamenUpaxUITests.framework */ = {isa = PBXFileReference; explicitFileType = wrapper.framework; includeInIndex = 0; path = Pods_JAngelExamenUpax_JAngelExamenUpaxUITests.framework; sourceTree = BUILT_PRODUCTS_DIR; };
		9803428F9202F3086602AC21 /* Pods-JAngelExamenUpax.debug.xcconfig */ = {isa = PBXFileReference; includeInIndex = 1; lastKnownFileType = text.xcconfig; name = "Pods-JAngelExamenUpax.debug.xcconfig"; path = "Target Support Files/Pods-JAngelExamenUpax/Pods-JAngelExamenUpax.debug.xcconfig"; sourceTree = "<group>"; };
		ADC9A94AB96E1D3FBB3CEB18 /* Pods-JAngelExamenUpax.release.xcconfig */ = {isa = PBXFileReference; includeInIndex = 1; lastKnownFileType = text.xcconfig; name = "Pods-JAngelExamenUpax.release.xcconfig"; path = "Target Support Files/Pods-JAngelExamenUpax/Pods-JAngelExamenUpax.release.xcconfig"; sourceTree = "<group>"; };
		C41FB5394C6F552AA8E43760 /* Pods-JAngelExamenUpaxTests.release.xcconfig */ = {isa = PBXFileReference; includeInIndex = 1; lastKnownFileType = text.xcconfig; name = "Pods-JAngelExamenUpaxTests.release.xcconfig"; path = "Target Support Files/Pods-JAngelExamenUpaxTests/Pods-JAngelExamenUpaxTests.release.xcconfig"; sourceTree = "<group>"; };
		C547C0E8ED749A83A5FA938E /* Pods_JAngelExamenUpax.framework */ = {isa = PBXFileReference; explicitFileType = wrapper.framework; includeInIndex = 0; path = Pods_JAngelExamenUpax.framework; sourceTree = BUILT_PRODUCTS_DIR; };
		CEDE59A5CDA02FD9BE977D7F /* Pods-JAngelExamenUpax-JAngelExamenUpaxUITests.debug.xcconfig */ = {isa = PBXFileReference; includeInIndex = 1; lastKnownFileType = text.xcconfig; name = "Pods-JAngelExamenUpax-JAngelExamenUpaxUITests.debug.xcconfig"; path = "Target Support Files/Pods-JAngelExamenUpax-JAngelExamenUpaxUITests/Pods-JAngelExamenUpax-JAngelExamenUpaxUITests.debug.xcconfig"; sourceTree = "<group>"; };
		F93ED5E4836A72F2DCEACF80 /* Pods_JAngelExamenUpaxTests.framework */ = {isa = PBXFileReference; explicitFileType = wrapper.framework; includeInIndex = 0; path = Pods_JAngelExamenUpaxTests.framework; sourceTree = BUILT_PRODUCTS_DIR; };
		FB0699C72995530900A85C6C /* JAngelExamenUpax.app */ = {isa = PBXFileReference; explicitFileType = wrapper.application; includeInIndex = 0; path = JAngelExamenUpax.app; sourceTree = BUILT_PRODUCTS_DIR; };
		FB0699CA2995530900A85C6C /* AppDelegate.swift */ = {isa = PBXFileReference; lastKnownFileType = sourcecode.swift; path = AppDelegate.swift; sourceTree = "<group>"; };
		FB0699CC2995530900A85C6C /* SceneDelegate.swift */ = {isa = PBXFileReference; lastKnownFileType = sourcecode.swift; path = SceneDelegate.swift; sourceTree = "<group>"; };
		FB0699D12995530900A85C6C /* Base */ = {isa = PBXFileReference; lastKnownFileType = file.storyboard; name = Base; path = Base.lproj/Main.storyboard; sourceTree = "<group>"; };
		FB0699D32995530900A85C6C /* Assets.xcassets */ = {isa = PBXFileReference; lastKnownFileType = folder.assetcatalog; path = Assets.xcassets; sourceTree = "<group>"; };
		FB0699D62995530900A85C6C /* Base */ = {isa = PBXFileReference; lastKnownFileType = file.storyboard; name = Base; path = Base.lproj/LaunchScreen.storyboard; sourceTree = "<group>"; };
		FB0699D82995530900A85C6C /* Info.plist */ = {isa = PBXFileReference; lastKnownFileType = text.plist.xml; path = Info.plist; sourceTree = "<group>"; };
		FB0699DD2995530A00A85C6C /* JAngelExamenUpaxTests.xctest */ = {isa = PBXFileReference; explicitFileType = wrapper.cfbundle; includeInIndex = 0; path = JAngelExamenUpaxTests.xctest; sourceTree = BUILT_PRODUCTS_DIR; };
		FB0699E12995530A00A85C6C /* JAngelExamenUpaxTests.swift */ = {isa = PBXFileReference; lastKnownFileType = sourcecode.swift; path = JAngelExamenUpaxTests.swift; sourceTree = "<group>"; };
		FB0699E72995530A00A85C6C /* JAngelExamenUpaxUITests.xctest */ = {isa = PBXFileReference; explicitFileType = wrapper.cfbundle; includeInIndex = 0; path = JAngelExamenUpaxUITests.xctest; sourceTree = BUILT_PRODUCTS_DIR; };
		FB0699EB2995530A00A85C6C /* JAngelExamenUpaxUITests.swift */ = {isa = PBXFileReference; lastKnownFileType = sourcecode.swift; path = JAngelExamenUpaxUITests.swift; sourceTree = "<group>"; };
		FB0699ED2995530A00A85C6C /* JAngelExamenUpaxUITestsLaunchTests.swift */ = {isa = PBXFileReference; lastKnownFileType = sourcecode.swift; path = JAngelExamenUpaxUITestsLaunchTests.swift; sourceTree = "<group>"; };
		FB069A04299586B200A85C6C /* data.swift */ = {isa = PBXFileReference; lastKnownFileType = sourcecode.swift; path = data.swift; sourceTree = "<group>"; };
		FB069A062995878B00A85C6C /* ConsumoApiViewModel.swift */ = {isa = PBXFileReference; lastKnownFileType = sourcecode.swift; path = ConsumoApiViewModel.swift; sourceTree = "<group>"; };
		FB3A19BC2996B5AB00548E11 /* TableViewController.swift */ = {isa = PBXFileReference; lastKnownFileType = sourcecode.swift; path = TableViewController.swift; sourceTree = "<group>"; };
		FB3A19BE2996BB4B00548E11 /* CellTableViewCell.swift */ = {isa = PBXFileReference; lastKnownFileType = sourcecode.swift; path = CellTableViewCell.swift; sourceTree = "<group>"; };
		FB65172C299C163100F777B7 /* ColorsViewModel.swift */ = {isa = PBXFileReference; lastKnownFileType = sourcecode.swift; path = ColorsViewModel.swift; sourceTree = "<group>"; };
		FBCA04752996BB6700C69A2E /* CellTableViewCell.xib */ = {isa = PBXFileReference; fileEncoding = 4; lastKnownFileType = file.xib; path = CellTableViewCell.xib; sourceTree = "<group>"; };
		FBD748BF299BF81A00FC9518 /* EnviarDatosViewModel.swift */ = {isa = PBXFileReference; lastKnownFileType = sourcecode.swift; path = EnviarDatosViewModel.swift; sourceTree = "<group>"; };
		FBD748C1299BFC6600FC9518 /* ColorsViewController.swift */ = {isa = PBXFileReference; lastKnownFileType = sourcecode.swift; path = ColorsViewController.swift; sourceTree = "<group>"; };
		FBE37BB4299D5CCB00D089C2 /* GraficaTableViewController.swift */ = {isa = PBXFileReference; lastKnownFileType = sourcecode.swift; path = GraficaTableViewController.swift; sourceTree = "<group>"; };
		FBE37BB6299D5D0300D089C2 /* GraficaTableViewCell.swift */ = {isa = PBXFileReference; lastKnownFileType = sourcecode.swift; path = GraficaTableViewCell.swift; sourceTree = "<group>"; };
		FBE37BB7299D5D0300D089C2 /* GraficaTableViewCell.xib */ = {isa = PBXFileReference; lastKnownFileType = file.xib; path = GraficaTableViewCell.xib; sourceTree = "<group>"; };
		FBEF5A07299AA8F300325824 /* CelltextTableViewCell.swift */ = {isa = PBXFileReference; lastKnownFileType = sourcecode.swift; path = CelltextTableViewCell.swift; sourceTree = "<group>"; };
		FBEF5A08299AA8F300325824 /* CelltextTableViewCell.xib */ = {isa = PBXFileReference; lastKnownFileType = file.xib; path = CelltextTableViewCell.xib; sourceTree = "<group>"; };
		FBEF5A0B299AAC6400325824 /* CellGraficaTableViewCell.swift */ = {isa = PBXFileReference; lastKnownFileType = sourcecode.swift; path = CellGraficaTableViewCell.swift; sourceTree = "<group>"; };
		FBEF5A0C299AAC6400325824 /* CellGraficaTableViewCell.xib */ = {isa = PBXFileReference; lastKnownFileType = file.xib; path = CellGraficaTableViewCell.xib; sourceTree = "<group>"; };
		FBEF5A0F299AC6F000325824 /* GoogleService-Info.plist */ = {isa = PBXFileReference; fileEncoding = 4; lastKnownFileType = text.plist.xml; path = "GoogleService-Info.plist"; sourceTree = "<group>"; };
/* End PBXFileReference section */

/* Begin PBXFrameworksBuildPhase section */
		FB0699C42995530900A85C6C /* Frameworks */ = {
			isa = PBXFrameworksBuildPhase;
			buildActionMask = 2147483647;
			files = (
				FBEF5A1B299AC7C300325824 /* FirebaseDatabaseSwift in Frameworks */,
				FBEF5A17299AC7C300325824 /* FirebaseCrashlytics in Frameworks */,
				FBEF5A13299AC7C300325824 /* FirebaseAnalytics in Frameworks */,
				FBEF5A1F299AC7C300325824 /* FirebaseRemoteConfig in Frameworks */,
				FBEF5A19299AC7C300325824 /* FirebaseDatabase in Frameworks */,
				FBEF5A21299AC7C300325824 /* FirebaseStorage in Frameworks */,
				FBEF5A15299AC7C300325824 /* FirebaseAuth in Frameworks */,
				FBEF5A1D299AC7C300325824 /* FirebaseFirestore in Frameworks */,
				FBEF5A24299AC7E400325824 /* FirebaseFirestoreSwift in Frameworks */,
				04A7B0314917DD81D945E718 /* Pods_JAngelExamenUpax.framework in Frameworks */,
			);
			runOnlyForDeploymentPostprocessing = 0;
		};
		FB0699DA2995530A00A85C6C /* Frameworks */ = {
			isa = PBXFrameworksBuildPhase;
			buildActionMask = 2147483647;
			files = (
				5B6B93711B02231ADE55FD5C /* Pods_JAngelExamenUpaxTests.framework in Frameworks */,
			);
			runOnlyForDeploymentPostprocessing = 0;
		};
		FB0699E42995530A00A85C6C /* Frameworks */ = {
			isa = PBXFrameworksBuildPhase;
			buildActionMask = 2147483647;
			files = (
				06A3A46FA5CDB2A658C21EAC /* Pods_JAngelExamenUpax_JAngelExamenUpaxUITests.framework in Frameworks */,
			);
			runOnlyForDeploymentPostprocessing = 0;
		};
/* End PBXFrameworksBuildPhase section */

/* Begin PBXGroup section */
		337D0B11FA23DBB44404D149 /* Pods */ = {
			isa = PBXGroup;
			children = (
				9803428F9202F3086602AC21 /* Pods-JAngelExamenUpax.debug.xcconfig */,
				ADC9A94AB96E1D3FBB3CEB18 /* Pods-JAngelExamenUpax.release.xcconfig */,
				CEDE59A5CDA02FD9BE977D7F /* Pods-JAngelExamenUpax-JAngelExamenUpaxUITests.debug.xcconfig */,
				2A6F326C9921CD04FA44DD8D /* Pods-JAngelExamenUpax-JAngelExamenUpaxUITests.release.xcconfig */,
				53276E20E32608DAC24CBA40 /* Pods-JAngelExamenUpaxTests.debug.xcconfig */,
				C41FB5394C6F552AA8E43760 /* Pods-JAngelExamenUpaxTests.release.xcconfig */,
			);
			path = Pods;
			sourceTree = "<group>";
		};
		FB0699BE2995530900A85C6C = {
			isa = PBXGroup;
			children = (
				FB0699C92995530900A85C6C /* JAngelExamenUpax */,
				FB0699E02995530A00A85C6C /* JAngelExamenUpaxTests */,
				FB0699EA2995530A00A85C6C /* JAngelExamenUpaxUITests */,
				FB0699C82995530900A85C6C /* Products */,
				FBEF5A22299AC7E400325824 /* Frameworks */,
				337D0B11FA23DBB44404D149 /* Pods */,
			);
			sourceTree = "<group>";
		};
		FB0699C82995530900A85C6C /* Products */ = {
			isa = PBXGroup;
			children = (
				FB0699C72995530900A85C6C /* JAngelExamenUpax.app */,
				FB0699DD2995530A00A85C6C /* JAngelExamenUpaxTests.xctest */,
				FB0699E72995530A00A85C6C /* JAngelExamenUpaxUITests.xctest */,
			);
			name = Products;
			sourceTree = "<group>";
		};
		FB0699C92995530900A85C6C /* JAngelExamenUpax */ = {
			isa = PBXGroup;
			children = (
				FB0699FD299554B000A85C6C /* Controller */,
				FB0699FC299554A400A85C6C /* Model */,
				FB0699FB2995549A00A85C6C /* ViewModel */,
				FB0699FA2995549300A85C6C /* View */,
				FB0699D32995530900A85C6C /* Assets.xcassets */,
				FB0699D82995530900A85C6C /* Info.plist */,
				FBEF5A0F299AC6F000325824 /* GoogleService-Info.plist */,
			);
			path = JAngelExamenUpax;
			sourceTree = "<group>";
		};
		FB0699E02995530A00A85C6C /* JAngelExamenUpaxTests */ = {
			isa = PBXGroup;
			children = (
				FB0699E12995530A00A85C6C /* JAngelExamenUpaxTests.swift */,
			);
			path = JAngelExamenUpaxTests;
			sourceTree = "<group>";
		};
		FB0699EA2995530A00A85C6C /* JAngelExamenUpaxUITests */ = {
			isa = PBXGroup;
			children = (
				FB0699EB2995530A00A85C6C /* JAngelExamenUpaxUITests.swift */,
				FB0699ED2995530A00A85C6C /* JAngelExamenUpaxUITestsLaunchTests.swift */,
			);
			path = JAngelExamenUpaxUITests;
			sourceTree = "<group>";
		};
		FB0699FA2995549300A85C6C /* View */ = {
			isa = PBXGroup;
			children = (
				FBCA04752996BB6700C69A2E /* CellTableViewCell.xib */,
				FB0699D02995530900A85C6C /* Main.storyboard */,
				FB0699D52995530900A85C6C /* LaunchScreen.storyboard */,
				FBEF5A08299AA8F300325824 /* CelltextTableViewCell.xib */,
				FBEF5A0C299AAC6400325824 /* CellGraficaTableViewCell.xib */,
				FBE37BB7299D5D0300D089C2 /* GraficaTableViewCell.xib */,
			);
			path = View;
			sourceTree = "<group>";
		};
		FB0699FB2995549A00A85C6C /* ViewModel */ = {
			isa = PBXGroup;
			children = (
				FB0699CA2995530900A85C6C /* AppDelegate.swift */,
				FB0699CC2995530900A85C6C /* SceneDelegate.swift */,
				FB069A062995878B00A85C6C /* ConsumoApiViewModel.swift */,
				FBD748BF299BF81A00FC9518 /* EnviarDatosViewModel.swift */,
				FB65172C299C163100F777B7 /* ColorsViewModel.swift */,
			);
			path = ViewModel;
			sourceTree = "<group>";
		};
		FB0699FC299554A400A85C6C /* Model */ = {
			isa = PBXGroup;
			children = (
				FB069A04299586B200A85C6C /* data.swift */,
			);
			path = Model;
			sourceTree = "<group>";
		};
		FB0699FD299554B000A85C6C /* Controller */ = {
			isa = PBXGroup;
			children = (
				FB3A19BC2996B5AB00548E11 /* TableViewController.swift */,
				FB3A19BE2996BB4B00548E11 /* CellTableViewCell.swift */,
				FBEF5A07299AA8F300325824 /* CelltextTableViewCell.swift */,
				FBEF5A0B299AAC6400325824 /* CellGraficaTableViewCell.swift */,
				FBD748C1299BFC6600FC9518 /* ColorsViewController.swift */,
				FBE37BB4299D5CCB00D089C2 /* GraficaTableViewController.swift */,
				FBE37BB6299D5D0300D089C2 /* GraficaTableViewCell.swift */,
			);
			path = Controller;
			sourceTree = "<group>";
		};
		FBEF5A22299AC7E400325824 /* Frameworks */ = {
			isa = PBXGroup;
			children = (
				C547C0E8ED749A83A5FA938E /* Pods_JAngelExamenUpax.framework */,
				7B6CDFC3711E130B3CCD1255 /* Pods_JAngelExamenUpax_JAngelExamenUpaxUITests.framework */,
				F93ED5E4836A72F2DCEACF80 /* Pods_JAngelExamenUpaxTests.framework */,
			);
			name = Frameworks;
			sourceTree = "<group>";
		};
/* End PBXGroup section */

/* Begin PBXNativeTarget section */
		FB0699C62995530900A85C6C /* JAngelExamenUpax */ = {
			isa = PBXNativeTarget;
			buildConfigurationList = FB0699F12995530A00A85C6C /* Build configuration list for PBXNativeTarget "JAngelExamenUpax" */;
			buildPhases = (
				F3D8AA855F71AC894BD7BEC9 /* [CP] Check Pods Manifest.lock */,
				FB0699C32995530900A85C6C /* Sources */,
				FB0699C42995530900A85C6C /* Frameworks */,
				FB0699C52995530900A85C6C /* Resources */,
				5143FD9579D2FAC7B5F2686F /* [CP] Embed Pods Frameworks */,
			);
			buildRules = (
			);
			dependencies = (
			);
			name = JAngelExamenUpax;
			packageProductDependencies = (
				FBEF5A12299AC7C300325824 /* FirebaseAnalytics */,
				FBEF5A14299AC7C300325824 /* FirebaseAuth */,
				FBEF5A16299AC7C300325824 /* FirebaseCrashlytics */,
				FBEF5A18299AC7C300325824 /* FirebaseDatabase */,
				FBEF5A1A299AC7C300325824 /* FirebaseDatabaseSwift */,
				FBEF5A1C299AC7C300325824 /* FirebaseFirestore */,
				FBEF5A1E299AC7C300325824 /* FirebaseRemoteConfig */,
				FBEF5A20299AC7C300325824 /* FirebaseStorage */,
				FBEF5A23299AC7E400325824 /* FirebaseFirestoreSwift */,
			);
			productName = JAngelExamenUpax;
			productReference = FB0699C72995530900A85C6C /* JAngelExamenUpax.app */;
			productType = "com.apple.product-type.application";
		};
		FB0699DC2995530A00A85C6C /* JAngelExamenUpaxTests */ = {
			isa = PBXNativeTarget;
			buildConfigurationList = FB0699F42995530A00A85C6C /* Build configuration list for PBXNativeTarget "JAngelExamenUpaxTests" */;
			buildPhases = (
				C03AD93D7D7DBAC6C22A9AAB /* [CP] Check Pods Manifest.lock */,
				FB0699D92995530A00A85C6C /* Sources */,
				FB0699DA2995530A00A85C6C /* Frameworks */,
				FB0699DB2995530A00A85C6C /* Resources */,
			);
			buildRules = (
			);
			dependencies = (
				FB0699DF2995530A00A85C6C /* PBXTargetDependency */,
			);
			name = JAngelExamenUpaxTests;
			productName = JAngelExamenUpaxTests;
			productReference = FB0699DD2995530A00A85C6C /* JAngelExamenUpaxTests.xctest */;
			productType = "com.apple.product-type.bundle.unit-test";
		};
		FB0699E62995530A00A85C6C /* JAngelExamenUpaxUITests */ = {
			isa = PBXNativeTarget;
			buildConfigurationList = FB0699F72995530A00A85C6C /* Build configuration list for PBXNativeTarget "JAngelExamenUpaxUITests" */;
			buildPhases = (
				635A8246D84901933946FBCD /* [CP] Check Pods Manifest.lock */,
				FB0699E32995530A00A85C6C /* Sources */,
				FB0699E42995530A00A85C6C /* Frameworks */,
				FB0699E52995530A00A85C6C /* Resources */,
				EC99A6F2FF4DA5EE0AF5C5EF /* [CP] Embed Pods Frameworks */,
			);
			buildRules = (
			);
			dependencies = (
				FB0699E92995530A00A85C6C /* PBXTargetDependency */,
			);
			name = JAngelExamenUpaxUITests;
			productName = JAngelExamenUpaxUITests;
			productReference = FB0699E72995530A00A85C6C /* JAngelExamenUpaxUITests.xctest */;
			productType = "com.apple.product-type.bundle.ui-testing";
		};
/* End PBXNativeTarget section */

/* Begin PBXProject section */
		FB0699BF2995530900A85C6C /* Project object */ = {
			isa = PBXProject;
			attributes = {
				BuildIndependentTargetsInParallel = 1;
				LastSwiftUpdateCheck = 1400;
				LastUpgradeCheck = 1400;
				TargetAttributes = {
					FB0699C62995530900A85C6C = {
						CreatedOnToolsVersion = 14.0.1;
					};
					FB0699DC2995530A00A85C6C = {
						CreatedOnToolsVersion = 14.0.1;
						TestTargetID = FB0699C62995530900A85C6C;
					};
					FB0699E62995530A00A85C6C = {
						CreatedOnToolsVersion = 14.0.1;
						TestTargetID = FB0699C62995530900A85C6C;
					};
				};
			};
			buildConfigurationList = FB0699C22995530900A85C6C /* Build configuration list for PBXProject "JAngelExamenUpax" */;
			compatibilityVersion = "Xcode 14.0";
			developmentRegion = en;
			hasScannedForEncodings = 0;
			knownRegions = (
				en,
				Base,
			);
			mainGroup = FB0699BE2995530900A85C6C;
			packageReferences = (
				FBEF5A11299AC7C300325824 /* XCRemoteSwiftPackageReference "firebase-ios-sdk" */,
			);
			productRefGroup = FB0699C82995530900A85C6C /* Products */;
			projectDirPath = "";
			projectRoot = "";
			targets = (
				FB0699C62995530900A85C6C /* JAngelExamenUpax */,
				FB0699DC2995530A00A85C6C /* JAngelExamenUpaxTests */,
				FB0699E62995530A00A85C6C /* JAngelExamenUpaxUITests */,
			);
		};
/* End PBXProject section */

/* Begin PBXResourcesBuildPhase section */
		FB0699C52995530900A85C6C /* Resources */ = {
			isa = PBXResourcesBuildPhase;
			buildActionMask = 2147483647;
			files = (
				FB0699D72995530900A85C6C /* LaunchScreen.storyboard in Resources */,
				FBE37BB9299D5D0300D089C2 /* GraficaTableViewCell.xib in Resources */,
				FBCA04762996BB6700C69A2E /* CellTableViewCell.xib in Resources */,
				FB0699D42995530900A85C6C /* Assets.xcassets in Resources */,
				FB0699D22995530900A85C6C /* Main.storyboard in Resources */,
				FBEF5A0A299AA8F300325824 /* CelltextTableViewCell.xib in Resources */,
				FBEF5A0E299AAC6400325824 /* CellGraficaTableViewCell.xib in Resources */,
				FBEF5A10299AC6F000325824 /* GoogleService-Info.plist in Resources */,
			);
			runOnlyForDeploymentPostprocessing = 0;
		};
		FB0699DB2995530A00A85C6C /* Resources */ = {
			isa = PBXResourcesBuildPhase;
			buildActionMask = 2147483647;
			files = (
			);
			runOnlyForDeploymentPostprocessing = 0;
		};
		FB0699E52995530A00A85C6C /* Resources */ = {
			isa = PBXResourcesBuildPhase;
			buildActionMask = 2147483647;
			files = (
			);
			runOnlyForDeploymentPostprocessing = 0;
		};
/* End PBXResourcesBuildPhase section */

/* Begin PBXShellScriptBuildPhase section */
		5143FD9579D2FAC7B5F2686F /* [CP] Embed Pods Frameworks */ = {
			isa = PBXShellScriptBuildPhase;
			buildActionMask = 2147483647;
			files = (
			);
			inputFileListPaths = (
				"${PODS_ROOT}/Target Support Files/Pods-JAngelExamenUpax/Pods-JAngelExamenUpax-frameworks-${CONFIGURATION}-input-files.xcfilelist",
			);
			name = "[CP] Embed Pods Frameworks";
			outputFileListPaths = (
				"${PODS_ROOT}/Target Support Files/Pods-JAngelExamenUpax/Pods-JAngelExamenUpax-frameworks-${CONFIGURATION}-output-files.xcfilelist",
			);
			runOnlyForDeploymentPostprocessing = 0;
			shellPath = /bin/sh;
			shellScript = "\"${PODS_ROOT}/Target Support Files/Pods-JAngelExamenUpax/Pods-JAngelExamenUpax-frameworks.sh\"\n";
			showEnvVarsInLog = 0;
		};
		635A8246D84901933946FBCD /* [CP] Check Pods Manifest.lock */ = {
			isa = PBXShellScriptBuildPhase;
			buildActionMask = 2147483647;
			files = (
			);
			inputFileListPaths = (
			);
			inputPaths = (
				"${PODS_PODFILE_DIR_PATH}/Podfile.lock",
				"${PODS_ROOT}/Manifest.lock",
			);
			name = "[CP] Check Pods Manifest.lock";
			outputFileListPaths = (
			);
			outputPaths = (
				"$(DERIVED_FILE_DIR)/Pods-JAngelExamenUpax-JAngelExamenUpaxUITests-checkManifestLockResult.txt",
			);
			runOnlyForDeploymentPostprocessing = 0;
			shellPath = /bin/sh;
			shellScript = "diff \"${PODS_PODFILE_DIR_PATH}/Podfile.lock\" \"${PODS_ROOT}/Manifest.lock\" > /dev/null\nif [ $? != 0 ] ; then\n    # print error to STDERR\n    echo \"error: The sandbox is not in sync with the Podfile.lock. Run 'pod install' or update your CocoaPods installation.\" >&2\n    exit 1\nfi\n# This output is used by Xcode 'outputs' to avoid re-running this script phase.\necho \"SUCCESS\" > \"${SCRIPT_OUTPUT_FILE_0}\"\n";
			showEnvVarsInLog = 0;
		};
		C03AD93D7D7DBAC6C22A9AAB /* [CP] Check Pods Manifest.lock */ = {
			isa = PBXShellScriptBuildPhase;
			buildActionMask = 2147483647;
			files = (
			);
			inputFileListPaths = (
			);
			inputPaths = (
				"${PODS_PODFILE_DIR_PATH}/Podfile.lock",
				"${PODS_ROOT}/Manifest.lock",
			);
			name = "[CP] Check Pods Manifest.lock";
			outputFileListPaths = (
			);
			outputPaths = (
				"$(DERIVED_FILE_DIR)/Pods-JAngelExamenUpaxTests-checkManifestLockResult.txt",
			);
			runOnlyForDeploymentPostprocessing = 0;
			shellPath = /bin/sh;
			shellScript = "diff \"${PODS_PODFILE_DIR_PATH}/Podfile.lock\" \"${PODS_ROOT}/Manifest.lock\" > /dev/null\nif [ $? != 0 ] ; then\n    # print error to STDERR\n    echo \"error: The sandbox is not in sync with the Podfile.lock. Run 'pod install' or update your CocoaPods installation.\" >&2\n    exit 1\nfi\n# This output is used by Xcode 'outputs' to avoid re-running this script phase.\necho \"SUCCESS\" > \"${SCRIPT_OUTPUT_FILE_0}\"\n";
			showEnvVarsInLog = 0;
		};
		EC99A6F2FF4DA5EE0AF5C5EF /* [CP] Embed Pods Frameworks */ = {
			isa = PBXShellScriptBuildPhase;
			buildActionMask = 2147483647;
			files = (
			);
			inputFileListPaths = (
				"${PODS_ROOT}/Target Support Files/Pods-JAngelExamenUpax-JAngelExamenUpaxUITests/Pods-JAngelExamenUpax-JAngelExamenUpaxUITests-frameworks-${CONFIGURATION}-input-files.xcfilelist",
			);
			name = "[CP] Embed Pods Frameworks";
			outputFileListPaths = (
				"${PODS_ROOT}/Target Support Files/Pods-JAngelExamenUpax-JAngelExamenUpaxUITests/Pods-JAngelExamenUpax-JAngelExamenUpaxUITests-frameworks-${CONFIGURATION}-output-files.xcfilelist",
			);
			runOnlyForDeploymentPostprocessing = 0;
			shellPath = /bin/sh;
			shellScript = "\"${PODS_ROOT}/Target Support Files/Pods-JAngelExamenUpax-JAngelExamenUpaxUITests/Pods-JAngelExamenUpax-JAngelExamenUpaxUITests-frameworks.sh\"\n";
			showEnvVarsInLog = 0;
		};
		F3D8AA855F71AC894BD7BEC9 /* [CP] Check Pods Manifest.lock */ = {
			isa = PBXShellScriptBuildPhase;
			buildActionMask = 2147483647;
			files = (
			);
			inputFileListPaths = (
			);
			inputPaths = (
				"${PODS_PODFILE_DIR_PATH}/Podfile.lock",
				"${PODS_ROOT}/Manifest.lock",
			);
			name = "[CP] Check Pods Manifest.lock";
			outputFileListPaths = (
			);
			outputPaths = (
				"$(DERIVED_FILE_DIR)/Pods-JAngelExamenUpax-checkManifestLockResult.txt",
			);
			runOnlyForDeploymentPostprocessing = 0;
			shellPath = /bin/sh;
			shellScript = "diff \"${PODS_PODFILE_DIR_PATH}/Podfile.lock\" \"${PODS_ROOT}/Manifest.lock\" > /dev/null\nif [ $? != 0 ] ; then\n    # print error to STDERR\n    echo \"error: The sandbox is not in sync with the Podfile.lock. Run 'pod install' or update your CocoaPods installation.\" >&2\n    exit 1\nfi\n# This output is used by Xcode 'outputs' to avoid re-running this script phase.\necho \"SUCCESS\" > \"${SCRIPT_OUTPUT_FILE_0}\"\n";
			showEnvVarsInLog = 0;
		};
/* End PBXShellScriptBuildPhase section */

/* Begin PBXSourcesBuildPhase section */
		FB0699C32995530900A85C6C /* Sources */ = {
			isa = PBXSourcesBuildPhase;
			buildActionMask = 2147483647;
			files = (
				FBD748C2299BFC6600FC9518 /* ColorsViewController.swift in Sources */,
				FBE37BB8299D5D0300D089C2 /* GraficaTableViewCell.swift in Sources */,
				FB069A05299586B200A85C6C /* data.swift in Sources */,
				FBEF5A0D299AAC6400325824 /* CellGraficaTableViewCell.swift in Sources */,
				FB3A19BD2996B5AB00548E11 /* TableViewController.swift in Sources */,
				FB0699CB2995530900A85C6C /* AppDelegate.swift in Sources */,
				FB069A072995878B00A85C6C /* ConsumoApiViewModel.swift in Sources */,
				FBE37BB5299D5CCB00D089C2 /* GraficaTableViewController.swift in Sources */,
				FB65172D299C163100F777B7 /* ColorsViewModel.swift in Sources */,
				FBEF5A09299AA8F300325824 /* CelltextTableViewCell.swift in Sources */,
				FB3A19C02996BB4B00548E11 /* CellTableViewCell.swift in Sources */,
				FB0699CD2995530900A85C6C /* SceneDelegate.swift in Sources */,
				FBD748C0299BF81A00FC9518 /* EnviarDatosViewModel.swift in Sources */,
			);
			runOnlyForDeploymentPostprocessing = 0;
		};
		FB0699D92995530A00A85C6C /* Sources */ = {
			isa = PBXSourcesBuildPhase;
			buildActionMask = 2147483647;
			files = (
				FB0699E22995530A00A85C6C /* JAngelExamenUpaxTests.swift in Sources */,
			);
			runOnlyForDeploymentPostprocessing = 0;
		};
		FB0699E32995530A00A85C6C /* Sources */ = {
			isa = PBXSourcesBuildPhase;
			buildActionMask = 2147483647;
			files = (
				FB0699EC2995530A00A85C6C /* JAngelExamenUpaxUITests.swift in Sources */,
				FB0699EE2995530A00A85C6C /* JAngelExamenUpaxUITestsLaunchTests.swift in Sources */,
			);
			runOnlyForDeploymentPostprocessing = 0;
		};
/* End PBXSourcesBuildPhase section */

/* Begin PBXTargetDependency section */
		FB0699DF2995530A00A85C6C /* PBXTargetDependency */ = {
			isa = PBXTargetDependency;
			target = FB0699C62995530900A85C6C /* JAngelExamenUpax */;
			targetProxy = FB0699DE2995530A00A85C6C /* PBXContainerItemProxy */;
		};
		FB0699E92995530A00A85C6C /* PBXTargetDependency */ = {
			isa = PBXTargetDependency;
			target = FB0699C62995530900A85C6C /* JAngelExamenUpax */;
			targetProxy = FB0699E82995530A00A85C6C /* PBXContainerItemProxy */;
		};
/* End PBXTargetDependency section */

/* Begin PBXVariantGroup section */
		FB0699D02995530900A85C6C /* Main.storyboard */ = {
			isa = PBXVariantGroup;
			children = (
				FB0699D12995530900A85C6C /* Base */,
			);
			name = Main.storyboard;
			sourceTree = "<group>";
		};
		FB0699D52995530900A85C6C /* LaunchScreen.storyboard */ = {
			isa = PBXVariantGroup;
			children = (
				FB0699D62995530900A85C6C /* Base */,
			);
			name = LaunchScreen.storyboard;
			sourceTree = "<group>";
		};
/* End PBXVariantGroup section */

/* Begin XCBuildConfiguration section */
		FB0699EF2995530A00A85C6C /* Debug */ = {
			isa = XCBuildConfiguration;
			buildSettings = {
				ALWAYS_SEARCH_USER_PATHS = NO;
				CLANG_ANALYZER_NONNULL = YES;
				CLANG_ANALYZER_NUMBER_OBJECT_CONVERSION = YES_AGGRESSIVE;
				CLANG_CXX_LANGUAGE_STANDARD = "gnu++20";
				CLANG_ENABLE_MODULES = YES;
				CLANG_ENABLE_OBJC_ARC = YES;
				CLANG_ENABLE_OBJC_WEAK = YES;
				CLANG_WARN_BLOCK_CAPTURE_AUTORELEASING = YES;
				CLANG_WARN_BOOL_CONVERSION = YES;
				CLANG_WARN_COMMA = YES;
				CLANG_WARN_CONSTANT_CONVERSION = YES;
				CLANG_WARN_DEPRECATED_OBJC_IMPLEMENTATIONS = YES;
				CLANG_WARN_DIRECT_OBJC_ISA_USAGE = YES_ERROR;
				CLANG_WARN_DOCUMENTATION_COMMENTS = YES;
				CLANG_WARN_EMPTY_BODY = YES;
				CLANG_WARN_ENUM_CONVERSION = YES;
				CLANG_WARN_INFINITE_RECURSION = YES;
				CLANG_WARN_INT_CONVERSION = YES;
				CLANG_WARN_NON_LITERAL_NULL_CONVERSION = YES;
				CLANG_WARN_OBJC_IMPLICIT_RETAIN_SELF = YES;
				CLANG_WARN_OBJC_LITERAL_CONVERSION = YES;
				CLANG_WARN_OBJC_ROOT_CLASS = YES_ERROR;
				CLANG_WARN_QUOTED_INCLUDE_IN_FRAMEWORK_HEADER = YES;
				CLANG_WARN_RANGE_LOOP_ANALYSIS = YES;
				CLANG_WARN_STRICT_PROTOTYPES = YES;
				CLANG_WARN_SUSPICIOUS_MOVE = YES;
				CLANG_WARN_UNGUARDED_AVAILABILITY = YES_AGGRESSIVE;
				CLANG_WARN_UNREACHABLE_CODE = YES;
				CLANG_WARN__DUPLICATE_METHOD_MATCH = YES;
				COPY_PHASE_STRIP = NO;
				DEBUG_INFORMATION_FORMAT = dwarf;
				ENABLE_STRICT_OBJC_MSGSEND = YES;
				ENABLE_TESTABILITY = YES;
				GCC_C_LANGUAGE_STANDARD = gnu11;
				GCC_DYNAMIC_NO_PIC = NO;
				GCC_NO_COMMON_BLOCKS = YES;
				GCC_OPTIMIZATION_LEVEL = 0;
				GCC_PREPROCESSOR_DEFINITIONS = (
					"DEBUG=1",
					"$(inherited)",
				);
				GCC_WARN_64_TO_32_BIT_CONVERSION = YES;
				GCC_WARN_ABOUT_RETURN_TYPE = YES_ERROR;
				GCC_WARN_UNDECLARED_SELECTOR = YES;
				GCC_WARN_UNINITIALIZED_AUTOS = YES_AGGRESSIVE;
				GCC_WARN_UNUSED_FUNCTION = YES;
				GCC_WARN_UNUSED_VARIABLE = YES;
				IPHONEOS_DEPLOYMENT_TARGET = 16.0;
				MTL_ENABLE_DEBUG_INFO = INCLUDE_SOURCE;
				MTL_FAST_MATH = YES;
				ONLY_ACTIVE_ARCH = YES;
				SDKROOT = iphoneos;
				SWIFT_ACTIVE_COMPILATION_CONDITIONS = DEBUG;
				SWIFT_OPTIMIZATION_LEVEL = "-Onone";
			};
			name = Debug;
		};
		FB0699F02995530A00A85C6C /* Release */ = {
			isa = XCBuildConfiguration;
			buildSettings = {
				ALWAYS_SEARCH_USER_PATHS = NO;
				CLANG_ANALYZER_NONNULL = YES;
				CLANG_ANALYZER_NUMBER_OBJECT_CONVERSION = YES_AGGRESSIVE;
				CLANG_CXX_LANGUAGE_STANDARD = "gnu++20";
				CLANG_ENABLE_MODULES = YES;
				CLANG_ENABLE_OBJC_ARC = YES;
				CLANG_ENABLE_OBJC_WEAK = YES;
				CLANG_WARN_BLOCK_CAPTURE_AUTORELEASING = YES;
				CLANG_WARN_BOOL_CONVERSION = YES;
				CLANG_WARN_COMMA = YES;
				CLANG_WARN_CONSTANT_CONVERSION = YES;
				CLANG_WARN_DEPRECATED_OBJC_IMPLEMENTATIONS = YES;
				CLANG_WARN_DIRECT_OBJC_ISA_USAGE = YES_ERROR;
				CLANG_WARN_DOCUMENTATION_COMMENTS = YES;
				CLANG_WARN_EMPTY_BODY = YES;
				CLANG_WARN_ENUM_CONVERSION = YES;
				CLANG_WARN_INFINITE_RECURSION = YES;
				CLANG_WARN_INT_CONVERSION = YES;
				CLANG_WARN_NON_LITERAL_NULL_CONVERSION = YES;
				CLANG_WARN_OBJC_IMPLICIT_RETAIN_SELF = YES;
				CLANG_WARN_OBJC_LITERAL_CONVERSION = YES;
				CLANG_WARN_OBJC_ROOT_CLASS = YES_ERROR;
				CLANG_WARN_QUOTED_INCLUDE_IN_FRAMEWORK_HEADER = YES;
				CLANG_WARN_RANGE_LOOP_ANALYSIS = YES;
				CLANG_WARN_STRICT_PROTOTYPES = YES;
				CLANG_WARN_SUSPICIOUS_MOVE = YES;
				CLANG_WARN_UNGUARDED_AVAILABILITY = YES_AGGRESSIVE;
				CLANG_WARN_UNREACHABLE_CODE = YES;
				CLANG_WARN__DUPLICATE_METHOD_MATCH = YES;
				COPY_PHASE_STRIP = NO;
				DEBUG_INFORMATION_FORMAT = "dwarf-with-dsym";
				ENABLE_NS_ASSERTIONS = NO;
				ENABLE_STRICT_OBJC_MSGSEND = YES;
				GCC_C_LANGUAGE_STANDARD = gnu11;
				GCC_NO_COMMON_BLOCKS = YES;
				GCC_WARN_64_TO_32_BIT_CONVERSION = YES;
				GCC_WARN_ABOUT_RETURN_TYPE = YES_ERROR;
				GCC_WARN_UNDECLARED_SELECTOR = YES;
				GCC_WARN_UNINITIALIZED_AUTOS = YES_AGGRESSIVE;
				GCC_WARN_UNUSED_FUNCTION = YES;
				GCC_WARN_UNUSED_VARIABLE = YES;
				IPHONEOS_DEPLOYMENT_TARGET = 16.0;
				MTL_ENABLE_DEBUG_INFO = NO;
				MTL_FAST_MATH = YES;
				SDKROOT = iphoneos;
				SWIFT_COMPILATION_MODE = wholemodule;
				SWIFT_OPTIMIZATION_LEVEL = "-O";
				VALIDATE_PRODUCT = YES;
			};
			name = Release;
		};
		FB0699F22995530A00A85C6C /* Debug */ = {
			isa = XCBuildConfiguration;
			baseConfigurationReference = 9803428F9202F3086602AC21 /* Pods-JAngelExamenUpax.debug.xcconfig */;
			buildSettings = {
				ASSETCATALOG_COMPILER_APPICON_NAME = AppIcon;
				ASSETCATALOG_COMPILER_GLOBAL_ACCENT_COLOR_NAME = AccentColor;
				CODE_SIGN_STYLE = Automatic;
				CURRENT_PROJECT_VERSION = 1;
				GENERATE_INFOPLIST_FILE = YES;
				INFOPLIST_FILE = JAngelExamenUpax/Info.plist;
				INFOPLIST_KEY_UIApplicationSupportsIndirectInputEvents = YES;
				INFOPLIST_KEY_UILaunchStoryboardName = LaunchScreen;
				INFOPLIST_KEY_UIMainStoryboardFile = Main;
				INFOPLIST_KEY_UISupportedInterfaceOrientations_iPad = "UIInterfaceOrientationPortrait UIInterfaceOrientationPortraitUpsideDown UIInterfaceOrientationLandscapeLeft UIInterfaceOrientationLandscapeRight";
				INFOPLIST_KEY_UISupportedInterfaceOrientations_iPhone = "UIInterfaceOrientationPortrait UIInterfaceOrientationLandscapeLeft UIInterfaceOrientationLandscapeRight";
				LD_RUNPATH_SEARCH_PATHS = (
					"$(inherited)",
					"@executable_path/Frameworks",
				);
				MARKETING_VERSION = 1.0;
				PRODUCT_BUNDLE_IDENTIFIER = com.digis.JAngelExamenUpax;
				PRODUCT_NAME = "$(TARGET_NAME)";
				SWIFT_EMIT_LOC_STRINGS = YES;
				SWIFT_VERSION = 5.0;
				TARGETED_DEVICE_FAMILY = "1,2";
			};
			name = Debug;
		};
		FB0699F32995530A00A85C6C /* Release */ = {
			isa = XCBuildConfiguration;
			baseConfigurationReference = ADC9A94AB96E1D3FBB3CEB18 /* Pods-JAngelExamenUpax.release.xcconfig */;
			buildSettings = {
				ASSETCATALOG_COMPILER_APPICON_NAME = AppIcon;
				ASSETCATALOG_COMPILER_GLOBAL_ACCENT_COLOR_NAME = AccentColor;
				CODE_SIGN_STYLE = Automatic;
				CURRENT_PROJECT_VERSION = 1;
				GENERATE_INFOPLIST_FILE = YES;
				INFOPLIST_FILE = JAngelExamenUpax/Info.plist;
				INFOPLIST_KEY_UIApplicationSupportsIndirectInputEvents = YES;
				INFOPLIST_KEY_UILaunchStoryboardName = LaunchScreen;
				INFOPLIST_KEY_UIMainStoryboardFile = Main;
				INFOPLIST_KEY_UISupportedInterfaceOrientations_iPad = "UIInterfaceOrientationPortrait UIInterfaceOrientationPortraitUpsideDown UIInterfaceOrientationLandscapeLeft UIInterfaceOrientationLandscapeRight";
				INFOPLIST_KEY_UISupportedInterfaceOrientations_iPhone = "UIInterfaceOrientationPortrait UIInterfaceOrientationLandscapeLeft UIInterfaceOrientationLandscapeRight";
				LD_RUNPATH_SEARCH_PATHS = (
					"$(inherited)",
					"@executable_path/Frameworks",
				);
				MARKETING_VERSION = 1.0;
				PRODUCT_BUNDLE_IDENTIFIER = com.digis.JAngelExamenUpax;
				PRODUCT_NAME = "$(TARGET_NAME)";
				SWIFT_EMIT_LOC_STRINGS = YES;
				SWIFT_VERSION = 5.0;
				TARGETED_DEVICE_FAMILY = "1,2";
			};
			name = Release;
		};
		FB0699F52995530A00A85C6C /* Debug */ = {
			isa = XCBuildConfiguration;
			baseConfigurationReference = 53276E20E32608DAC24CBA40 /* Pods-JAngelExamenUpaxTests.debug.xcconfig */;
			buildSettings = {
				ALWAYS_EMBED_SWIFT_STANDARD_LIBRARIES = YES;
				BUNDLE_LOADER = "$(TEST_HOST)";
				CODE_SIGN_STYLE = Automatic;
				CURRENT_PROJECT_VERSION = 1;
				GENERATE_INFOPLIST_FILE = YES;
				IPHONEOS_DEPLOYMENT_TARGET = 16.0;
				MARKETING_VERSION = 1.0;
				PRODUCT_BUNDLE_IDENTIFIER = com.digis.JAngelExamenUpaxTests;
				PRODUCT_NAME = "$(TARGET_NAME)";
				SWIFT_EMIT_LOC_STRINGS = NO;
				SWIFT_VERSION = 5.0;
				TARGETED_DEVICE_FAMILY = "1,2";
				TEST_HOST = "$(BUILT_PRODUCTS_DIR)/JAngelExamenUpax.app/$(BUNDLE_EXECUTABLE_FOLDER_PATH)/JAngelExamenUpax";
			};
			name = Debug;
		};
		FB0699F62995530A00A85C6C /* Release */ = {
			isa = XCBuildConfiguration;
			baseConfigurationReference = C41FB5394C6F552AA8E43760 /* Pods-JAngelExamenUpaxTests.release.xcconfig */;
			buildSettings = {
				ALWAYS_EMBED_SWIFT_STANDARD_LIBRARIES = YES;
				BUNDLE_LOADER = "$(TEST_HOST)";
				CODE_SIGN_STYLE = Automatic;
				CURRENT_PROJECT_VERSION = 1;
				GENERATE_INFOPLIST_FILE = YES;
				IPHONEOS_DEPLOYMENT_TARGET = 16.0;
				MARKETING_VERSION = 1.0;
				PRODUCT_BUNDLE_IDENTIFIER = com.digis.JAngelExamenUpaxTests;
				PRODUCT_NAME = "$(TARGET_NAME)";
				SWIFT_EMIT_LOC_STRINGS = NO;
				SWIFT_VERSION = 5.0;
				TARGETED_DEVICE_FAMILY = "1,2";
				TEST_HOST = "$(BUILT_PRODUCTS_DIR)/JAngelExamenUpax.app/$(BUNDLE_EXECUTABLE_FOLDER_PATH)/JAngelExamenUpax";
			};
			name = Release;
		};
		FB0699F82995530A00A85C6C /* Debug */ = {
			isa = XCBuildConfiguration;
			baseConfigurationReference = CEDE59A5CDA02FD9BE977D7F /* Pods-JAngelExamenUpax-JAngelExamenUpaxUITests.debug.xcconfig */;
			buildSettings = {
				ALWAYS_EMBED_SWIFT_STANDARD_LIBRARIES = YES;
				CODE_SIGN_STYLE = Automatic;
				CURRENT_PROJECT_VERSION = 1;
				GENERATE_INFOPLIST_FILE = YES;
				MARKETING_VERSION = 1.0;
				PRODUCT_BUNDLE_IDENTIFIER = com.digis.JAngelExamenUpaxUITests;
				PRODUCT_NAME = "$(TARGET_NAME)";
				SWIFT_EMIT_LOC_STRINGS = NO;
				SWIFT_VERSION = 5.0;
				TARGETED_DEVICE_FAMILY = "1,2";
				TEST_TARGET_NAME = JAngelExamenUpax;
			};
			name = Debug;
		};
		FB0699F92995530A00A85C6C /* Release */ = {
			isa = XCBuildConfiguration;
			baseConfigurationReference = 2A6F326C9921CD04FA44DD8D /* Pods-JAngelExamenUpax-JAngelExamenUpaxUITests.release.xcconfig */;
			buildSettings = {
				ALWAYS_EMBED_SWIFT_STANDARD_LIBRARIES = YES;
				CODE_SIGN_STYLE = Automatic;
				CURRENT_PROJECT_VERSION = 1;
				GENERATE_INFOPLIST_FILE = YES;
				MARKETING_VERSION = 1.0;
				PRODUCT_BUNDLE_IDENTIFIER = com.digis.JAngelExamenUpaxUITests;
				PRODUCT_NAME = "$(TARGET_NAME)";
				SWIFT_EMIT_LOC_STRINGS = NO;
				SWIFT_VERSION = 5.0;
				TARGETED_DEVICE_FAMILY = "1,2";
				TEST_TARGET_NAME = JAngelExamenUpax;
			};
			name = Release;
		};
/* End XCBuildConfiguration section */

/* Begin XCConfigurationList section */
		FB0699C22995530900A85C6C /* Build configuration list for PBXProject "JAngelExamenUpax" */ = {
			isa = XCConfigurationList;
			buildConfigurations = (
				FB0699EF2995530A00A85C6C /* Debug */,
				FB0699F02995530A00A85C6C /* Release */,
			);
			defaultConfigurationIsVisible = 0;
			defaultConfigurationName = Release;
		};
		FB0699F12995530A00A85C6C /* Build configuration list for PBXNativeTarget "JAngelExamenUpax" */ = {
			isa = XCConfigurationList;
			buildConfigurations = (
				FB0699F22995530A00A85C6C /* Debug */,
				FB0699F32995530A00A85C6C /* Release */,
			);
			defaultConfigurationIsVisible = 0;
			defaultConfigurationName = Release;
		};
		FB0699F42995530A00A85C6C /* Build configuration list for PBXNativeTarget "JAngelExamenUpaxTests" */ = {
			isa = XCConfigurationList;
			buildConfigurations = (
				FB0699F52995530A00A85C6C /* Debug */,
				FB0699F62995530A00A85C6C /* Release */,
			);
			defaultConfigurationIsVisible = 0;
			defaultConfigurationName = Release;
		};
		FB0699F72995530A00A85C6C /* Build configuration list for PBXNativeTarget "JAngelExamenUpaxUITests" */ = {
			isa = XCConfigurationList;
			buildConfigurations = (
				FB0699F82995530A00A85C6C /* Debug */,
				FB0699F92995530A00A85C6C /* Release */,
			);
			defaultConfigurationIsVisible = 0;
			defaultConfigurationName = Release;
		};
/* End XCConfigurationList section */

/* Begin XCRemoteSwiftPackageReference section */
		FBEF5A11299AC7C300325824 /* XCRemoteSwiftPackageReference "firebase-ios-sdk" */ = {
			isa = XCRemoteSwiftPackageReference;
			repositoryURL = "https://github.com/firebase/firebase-ios-sdk.git";
			requirement = {
				branch = master;
				kind = branch;
			};
		};
/* End XCRemoteSwiftPackageReference section */

/* Begin XCSwiftPackageProductDependency section */
		FBEF5A12299AC7C300325824 /* FirebaseAnalytics */ = {
			isa = XCSwiftPackageProductDependency;
			package = FBEF5A11299AC7C300325824 /* XCRemoteSwiftPackageReference "firebase-ios-sdk" */;
			productName = FirebaseAnalytics;
		};
		FBEF5A14299AC7C300325824 /* FirebaseAuth */ = {
			isa = XCSwiftPackageProductDependency;
			package = FBEF5A11299AC7C300325824 /* XCRemoteSwiftPackageReference "firebase-ios-sdk" */;
			productName = FirebaseAuth;
		};
		FBEF5A16299AC7C300325824 /* FirebaseCrashlytics */ = {
			isa = XCSwiftPackageProductDependency;
			package = FBEF5A11299AC7C300325824 /* XCRemoteSwiftPackageReference "firebase-ios-sdk" */;
			productName = FirebaseCrashlytics;
		};
		FBEF5A18299AC7C300325824 /* FirebaseDatabase */ = {
			isa = XCSwiftPackageProductDependency;
			package = FBEF5A11299AC7C300325824 /* XCRemoteSwiftPackageReference "firebase-ios-sdk" */;
			productName = FirebaseDatabase;
		};
		FBEF5A1A299AC7C300325824 /* FirebaseDatabaseSwift */ = {
			isa = XCSwiftPackageProductDependency;
			package = FBEF5A11299AC7C300325824 /* XCRemoteSwiftPackageReference "firebase-ios-sdk" */;
			productName = FirebaseDatabaseSwift;
		};
		FBEF5A1C299AC7C300325824 /* FirebaseFirestore */ = {
			isa = XCSwiftPackageProductDependency;
			package = FBEF5A11299AC7C300325824 /* XCRemoteSwiftPackageReference "firebase-ios-sdk" */;
			productName = FirebaseFirestore;
		};
		FBEF5A1E299AC7C300325824 /* FirebaseRemoteConfig */ = {
			isa = XCSwiftPackageProductDependency;
			package = FBEF5A11299AC7C300325824 /* XCRemoteSwiftPackageReference "firebase-ios-sdk" */;
			productName = FirebaseRemoteConfig;
		};
		FBEF5A20299AC7C300325824 /* FirebaseStorage */ = {
			isa = XCSwiftPackageProductDependency;
			package = FBEF5A11299AC7C300325824 /* XCRemoteSwiftPackageReference "firebase-ios-sdk" */;
			productName = FirebaseStorage;
		};
		FBEF5A23299AC7E400325824 /* FirebaseFirestoreSwift */ = {
			isa = XCSwiftPackageProductDependency;
			package = FBEF5A11299AC7C300325824 /* XCRemoteSwiftPackageReference "firebase-ios-sdk" */;
			productName = FirebaseFirestoreSwift;
		};
/* End XCSwiftPackageProductDependency section */
	};
	rootObject = FB0699BF2995530900A85C6C /* Project object */;
}
